
Microsoft Visual Studio Solution File, Format Version 12.00
# Visual Studio Version 16
VisualStudioVersion = 16.0.28803.202
MinimumVisualStudioVersion = 10.0.40219.1
Project("{9A19103F-16F7-4668-BE54-9A1E7A4F7556}") = "Forte.Functions.Testable", "Forte.Functions.Testable\Forte.Functions.Testable.csproj", "{60997EA3-4536-43D0-82FC-BEBEB45BBDC4}"
EndProject
Project("{9A19103F-16F7-4668-BE54-9A1E7A4F7556}") = "Forte.Functions.Testable.Tests", "Forte.Functions.Testable.Tests\Forte.Functions.Testable.Tests.csproj", "{1F09A9A0-BDC7-40F9-ACF5-3FC02ECD76B2}"
EndProject
Global
	GlobalSection(SolutionConfigurationPlatforms) = preSolution
		Debug|Any CPU = Debug|Any CPU
		Release|Any CPU = Release|Any CPU
	EndGlobalSection
	GlobalSection(ProjectConfigurationPlatforms) = postSolution
		{60997EA3-4536-43D0-82FC-BEBEB45BBDC4}.Debug|Any CPU.ActiveCfg = Debug|Any CPU
		{60997EA3-4536-43D0-82FC-BEBEB45BBDC4}.Debug|Any CPU.Build.0 = Debug|Any CPU
		{60997EA3-4536-43D0-82FC-BEBEB45BBDC4}.Release|Any CPU.ActiveCfg = Release|Any CPU
		{60997EA3-4536-43D0-82FC-BEBEB45BBDC4}.Release|Any CPU.Build.0 = Release|Any CPU
		{1F09A9A0-BDC7-40F9-ACF5-3FC02ECD76B2}.Debug|Any CPU.ActiveCfg = Debug|Any CPU
		{1F09A9A0-BDC7-40F9-ACF5-3FC02ECD76B2}.Debug|Any CPU.Build.0 = Debug|Any CPU
		{1F09A9A0-BDC7-40F9-ACF5-3FC02ECD76B2}.Release|Any CPU.ActiveCfg = Release|Any CPU
		{1F09A9A0-BDC7-40F9-ACF5-3FC02ECD76B2}.Release|Any CPU.Build.0 = Release|Any CPU
	EndGlobalSection
	GlobalSection(SolutionProperties) = preSolution
		HideSolutionNode = FALSE
	EndGlobalSection
	GlobalSection(ExtensibilityGlobals) = postSolution
		SolutionGuid = {704EB5C7-6176-4C4F-B14A-66966024D9A4}
	EndGlobalSection
EndGlobal
